<?xml version="1.0" encoding="utf-8"?>
<Project ToolsVersion="4.0" xmlns="http://schemas.microsoft.com/developer/msbuild/2003">
  <ItemGroup>
    <Filter Include="소스 파일">
      <UniqueIdentifier>{4FC737F1-C7A5-4376-A066-2A32D752A2FF}</UniqueIdentifier>
      <Extensions>cpp;c;cc;cxx;def;odl;idl;hpj;bat;asm;asmx</Extensions>
    </Filter>
    <Filter Include="헤더 파일">
      <UniqueIdentifier>{93995380-89BD-4b04-88EB-625FBE52EBFB}</UniqueIdentifier>
      <Extensions>h;hpp;hxx;hm;inl;inc;xsd</Extensions>
    </Filter>
    <Filter Include="리소스 파일">
      <UniqueIdentifier>{67DA6AB6-F800-4c08-8B7A-83BB121AAD01}</UniqueIdentifier>
      <Extensions>rc;ico;cur;bmp;dlg;rc2;rct;bin;rgs;gif;jpg;jpeg;jpe;resx;tiff;tif;png;wav;mfcribbon-ms</Extensions>
    </Filter>
  </ItemGroup>
  <ItemGroup>
    <ClCompile Include="1. BooksExample\chap01_20_hello.cpp">
      <Filter>소스 파일</Filter>
    </ClCompile>
    <ClCompile Include="1. BooksExample\chap02-41_cal2-3.cpp">
      <Filter>소스 파일</Filter>
    </ClCompile>
    <ClCompile Include="1. BooksExample\chap02-42.cpp">
      <Filter>소스 파일</Filter>
    </ClCompile>
    <ClCompile Include="1. BooksExample\chap02-44rewrite.cpp">
      <Filter>소스 파일</Filter>
    </ClCompile>
    <ClCompile Include="1. BooksExample\chap02-45.cpp">
      <Filter>소스 파일</Filter>
    </ClCompile>
    <ClCompile Include="1. BooksExample\chap02_34_special.cpp">
      <Filter>소스 파일</Filter>
    </ClCompile>
    <ClCompile Include="1. BooksExample\chap02_39_cal1.cpp">
      <Filter>소스 파일</Filter>
    </ClCompile>
    <ClCompile Include="1. BooksExample\chap02_43.cpp">
      <Filter>소스 파일</Filter>
    </ClCompile>
    <ClCompile Include="1. BooksExample\chap02_44.cpp">
      <Filter>소스 파일</Filter>
    </ClCompile>
    <ClCompile Include="1. BooksExample\chap02_46.cpp">
      <Filter>소스 파일</Filter>
    </ClCompile>
    <ClCompile Include="1. BooksExample\chap02_48.cpp">
      <Filter>소스 파일</Filter>
    </ClCompile>
    <ClCompile Include="1. BooksExample\chap02_50.cpp">
      <Filter>소스 파일</Filter>
    </ClCompile>
    <ClCompile Include="1. BooksExample\chap02_51.cpp">
      <Filter>소스 파일</Filter>
    </ClCompile>
    <ClCompile Include="1. BooksExample\chap03-62.cpp">
      <Filter>소스 파일</Filter>
    </ClCompile>
    <ClCompile Include="1. BooksExample\chap04-81.cpp">
      <Filter>소스 파일</Filter>
    </ClCompile>
    <ClCompile Include="1. BooksExample\chap04_79.cpp">
      <Filter>소스 파일</Filter>
    </ClCompile>
    <ClCompile Include="1. BooksExample\chap04_80.cpp">
      <Filter>소스 파일</Filter>
    </ClCompile>
    <ClCompile Include="1. BooksExample\chap04_80_2.cpp">
      <Filter>소스 파일</Filter>
    </ClCompile>
    <ClCompile Include="1. BooksExample\chap04_82.cpp">
      <Filter>소스 파일</Filter>
    </ClCompile>
    <ClCompile Include="1. BooksExample\chap04_84-2.cpp">
      <Filter>소스 파일</Filter>
    </ClCompile>
    <ClCompile Include="1. BooksExample\chap04_84.cpp">
      <Filter>소스 파일</Filter>
    </ClCompile>
    <ClCompile Include="1. BooksExample\chap04_85.cpp">
      <Filter>소스 파일</Filter>
    </ClCompile>
    <ClCompile Include="1. BooksExample\chap05_094.cpp">
      <Filter>소스 파일</Filter>
    </ClCompile>
    <ClCompile Include="1. BooksExample\chap05_096.cpp">
      <Filter>소스 파일</Filter>
    </ClCompile>
    <ClCompile Include="1. BooksExample\chap05_098.cpp">
      <Filter>소스 파일</Filter>
    </ClCompile>
    <ClCompile Include="1. BooksExample\chap05_100.cpp">
      <Filter>소스 파일</Filter>
    </ClCompile>
    <ClCompile Include="1. BooksExample\chap05_104.cpp">
      <Filter>소스 파일</Filter>
    </ClCompile>
    <ClCompile Include="1. BooksExample\chap05_105.cpp">
      <Filter>소스 파일</Filter>
    </ClCompile>
    <ClCompile Include="1. BooksExample\chap05_106.cpp">
      <Filter>소스 파일</Filter>
    </ClCompile>
    <ClCompile Include="1. BooksExample\chap05_107.cpp">
      <Filter>소스 파일</Filter>
    </ClCompile>
    <ClCompile Include="1. BooksExample\chap05_109.cpp">
      <Filter>소스 파일</Filter>
    </ClCompile>
    <ClCompile Include="1. BooksExample\chap05_111.cpp">
      <Filter>소스 파일</Filter>
    </ClCompile>
    <ClCompile Include="1. BooksExample\chap05_119.cpp">
      <Filter>소스 파일</Filter>
    </ClCompile>
    <ClCompile Include="1. BooksExample\chap05_120.cpp">
      <Filter>소스 파일</Filter>
    </ClCompile>
    <ClCompile Include="1. BooksExample\chap05_122.cpp">
      <Filter>소스 파일</Filter>
    </ClCompile>
    <ClCompile Include="1. BooksExample\chap05_123.cpp">
      <Filter>소스 파일</Filter>
    </ClCompile>
    <ClCompile Include="1. BooksExample\chap05_124.cpp">
      <Filter>소스 파일</Filter>
    </ClCompile>
    <ClCompile Include="1. BooksExample\chap05_125.cpp">
      <Filter>소스 파일</Filter>
    </ClCompile>
    <ClCompile Include="1. BooksExample\chap06_137.cpp">
      <Filter>소스 파일</Filter>
    </ClCompile>
    <ClCompile Include="1. BooksExample\chap06_140.cpp">
      <Filter>소스 파일</Filter>
    </ClCompile>
    <ClCompile Include="1. BooksExample\chap06_142.cpp">
      <Filter>소스 파일</Filter>
    </ClCompile>
    <ClCompile Include="1. BooksExample\chap06_145.cpp">
      <Filter>소스 파일</Filter>
    </ClCompile>
    <ClCompile Include="1. BooksExample\chap06_148.cpp">
      <Filter>소스 파일</Filter>
    </ClCompile>
    <ClCompile Include="1. BooksExample\chap06_149.cpp">
      <Filter>소스 파일</Filter>
    </ClCompile>
    <ClCompile Include="1. BooksExample\chap06_150.cpp">
      <Filter>소스 파일</Filter>
    </ClCompile>
    <ClCompile Include="1. BooksExample\chap06_152.cpp">
      <Filter>소스 파일</Filter>
    </ClCompile>
    <ClCompile Include="1. BooksExample\chap06_154.cpp">
      <Filter>소스 파일</Filter>
    </ClCompile>
    <ClCompile Include="1. BooksExample\chap06_155.cpp">
      <Filter>소스 파일</Filter>
    </ClCompile>
    <ClCompile Include="1. BooksExample\chap06_158.cpp">
      <Filter>소스 파일</Filter>
    </ClCompile>
    <ClCompile Include="1. BooksExample\chap06_159.cpp">
      <Filter>소스 파일</Filter>
    </ClCompile>
    <ClCompile Include="1. BooksExample\chap06_161.cpp">
      <Filter>소스 파일</Filter>
    </ClCompile>
    <ClCompile Include="1. BooksExample\chap06_163.cpp">
      <Filter>소스 파일</Filter>
    </ClCompile>
    <ClCompile Include="1. BooksExample\chap07_173.cpp">
      <Filter>소스 파일</Filter>
    </ClCompile>
    <ClCompile Include="1. BooksExample\chap07_174.cpp">
      <Filter>소스 파일</Filter>
    </ClCompile>
    <ClCompile Include="1. BooksExample\chap07_176.cpp">
      <Filter>소스 파일</Filter>
    </ClCompile>
    <ClCompile Include="1. BooksExample\chap07_177.cpp">
      <Filter>소스 파일</Filter>
    </ClCompile>
    <ClCompile Include="1. BooksExample\chap07_179.cpp">
      <Filter>소스 파일</Filter>
    </ClCompile>
    <ClCompile Include="1. BooksExample\chap07_181.cpp">
      <Filter>소스 파일</Filter>
    </ClCompile>
    <ClCompile Include="1. BooksExample\chap07_183.cpp">
      <Filter>소스 파일</Filter>
    </ClCompile>
    <ClCompile Include="1. BooksExample\chap07_184.cpp">
      <Filter>소스 파일</Filter>
    </ClCompile>
    <ClCompile Include="1. BooksExample\chap07_190.cpp">
      <Filter>소스 파일</Filter>
    </ClCompile>
    <ClCompile Include="1. BooksExample\chap07_193.cpp">
      <Filter>소스 파일</Filter>
    </ClCompile>
    <ClCompile Include="1. BooksExample\chap08_204.cpp">
      <Filter>소스 파일</Filter>
    </ClCompile>
    <ClCompile Include="1. BooksExample\chap08_205.cpp">
      <Filter>소스 파일</Filter>
    </ClCompile>
    <ClCompile Include="1. BooksExample\chap08_206.cpp">
      <Filter>소스 파일</Filter>
    </ClCompile>
    <ClCompile Include="1. BooksExample\chap08_208.cpp">
      <Filter>소스 파일</Filter>
    </ClCompile>
    <ClCompile Include="1. BooksExample\chap08_210_if.cpp">
      <Filter>소스 파일</Filter>
    </ClCompile>
    <ClCompile Include="1. BooksExample\chap08_216.cpp">
      <Filter>소스 파일</Filter>
    </ClCompile>
    <ClCompile Include="1. BooksExample\chap09_231.cpp">
      <Filter>소스 파일</Filter>
    </ClCompile>
    <ClCompile Include="1. BooksExample\chap09_236.cpp">
      <Filter>소스 파일</Filter>
    </ClCompile>
    <ClCompile Include="1. BooksExample\chap09_239.cpp">
      <Filter>소스 파일</Filter>
    </ClCompile>
    <ClCompile Include="1. BooksExample\chap09_240.cpp">
      <Filter>소스 파일</Filter>
    </ClCompile>
    <ClCompile Include="1. BooksExample\Hello.c">
      <Filter>소스 파일</Filter>
    </ClCompile>
    <ClCompile Include="2. BooksExercise\Exercise02-1.cpp">
      <Filter>소스 파일</Filter>
    </ClCompile>
    <ClCompile Include="2. BooksExercise\Exercise02-2.cpp">
      <Filter>소스 파일</Filter>
    </ClCompile>
    <ClCompile Include="2. BooksExercise\Exercise02-3.cpp">
      <Filter>소스 파일</Filter>
    </ClCompile>
    <ClCompile Include="2. BooksExercise\Exercise02-4.cpp">
      <Filter>소스 파일</Filter>
    </ClCompile>
    <ClCompile Include="2. BooksExercise\Exercise02-5.cpp">
      <Filter>소스 파일</Filter>
    </ClCompile>
    <ClCompile Include="2. BooksExercise\Exercise02-6.cpp">
      <Filter>소스 파일</Filter>
    </ClCompile>
    <ClCompile Include="2. BooksExercise\Exercise03-1.cpp">
      <Filter>소스 파일</Filter>
    </ClCompile>
    <ClCompile Include="2. BooksExercise\Exercise03-2.cpp">
      <Filter>소스 파일</Filter>
    </ClCompile>
    <ClCompile Include="2. BooksExercise\Exercise03-3.cpp">
      <Filter>소스 파일</Filter>
    </ClCompile>
    <ClCompile Include="2. BooksExercise\Exercise03-4.cpp">
      <Filter>소스 파일</Filter>
    </ClCompile>
    <ClCompile Include="2. BooksExercise\Exercise04-1.cpp">
      <Filter>소스 파일</Filter>
    </ClCompile>
    <ClCompile Include="2. BooksExercise\Exercise04-2.cpp">
      <Filter>소스 파일</Filter>
    </ClCompile>
    <ClCompile Include="2. BooksExercise\Exercise04-3.cpp">
      <Filter>소스 파일</Filter>
    </ClCompile>
    <ClCompile Include="2. BooksExercise\Exercise05-1.cpp">
      <Filter>소스 파일</Filter>
    </ClCompile>
    <ClCompile Include="2. BooksExercise\Exercise05-10.cpp">
      <Filter>소스 파일</Filter>
    </ClCompile>
    <ClCompile Include="2. BooksExercise\Exercise05-2.cpp">
      <Filter>소스 파일</Filter>
    </ClCompile>
    <ClCompile Include="2. BooksExercise\Exercise05-3.cpp">
      <Filter>소스 파일</Filter>
    </ClCompile>
    <ClCompile Include="2. BooksExercise\Exercise05-4.cpp">
      <Filter>소스 파일</Filter>
    </ClCompile>
    <ClCompile Include="2. BooksExercise\Exercise05-5.cpp">
      <Filter>소스 파일</Filter>
    </ClCompile>
    <ClCompile Include="2. BooksExercise\Exercise05-6.cpp">
      <Filter>소스 파일</Filter>
    </ClCompile>
    <ClCompile Include="2. BooksExercise\Exercise05-7.cpp">
      <Filter>소스 파일</Filter>
    </ClCompile>
    <ClCompile Include="2. BooksExercise\Exercise05-8.cpp">
      <Filter>소스 파일</Filter>
    </ClCompile>
    <ClCompile Include="2. BooksExercise\Exercise05-9.cpp">
      <Filter>소스 파일</Filter>
    </ClCompile>
    <ClCompile Include="2. BooksExercise\Exercise06-1.cpp">
      <Filter>소스 파일</Filter>
    </ClCompile>
    <ClCompile Include="2. BooksExercise\Exercise06-2.cpp">
      <Filter>소스 파일</Filter>
    </ClCompile>
    <ClCompile Include="2. BooksExercise\Exercise06-3.cpp">
      <Filter>소스 파일</Filter>
    </ClCompile>
    <ClCompile Include="2. BooksExercise\Exercise06-4.cpp">
      <Filter>소스 파일</Filter>
    </ClCompile>
    <ClCompile Include="2. BooksExercise\Exercise06-5.cpp">
      <Filter>소스 파일</Filter>
    </ClCompile>
    <ClCompile Include="2. BooksExercise\Exercise06-6.cpp">
      <Filter>소스 파일</Filter>
    </ClCompile>
    <ClCompile Include="2. BooksExercise\Exercise06-7.cpp">
      <Filter>소스 파일</Filter>
    </ClCompile>
    <ClCompile Include="2. BooksExercise\Exercise07-1.cpp">
      <Filter>소스 파일</Filter>
    </ClCompile>
    <ClCompile Include="2. BooksExercise\Exercise07-2_star.cpp">
      <Filter>소스 파일</Filter>
    </ClCompile>
    <ClCompile Include="2. BooksExercise\Exercise07-4.cpp">
      <Filter>소스 파일</Filter>
    </ClCompile>
    <ClCompile Include="2. BooksExercise\Exercise07-5.cpp">
      <Filter>소스 파일</Filter>
    </ClCompile>
    <ClCompile Include="2. BooksExercise\Exercise07-6.cpp">
      <Filter>소스 파일</Filter>
    </ClCompile>
    <ClCompile Include="2. BooksExercise\Exercise07-7.cpp">
      <Filter>소스 파일</Filter>
    </ClCompile>
    <ClCompile Include="2. BooksExercise\Exercise07-8.cpp">
      <Filter>소스 파일</Filter>
    </ClCompile>
    <ClCompile Include="2. BooksExercise\Exercise08-1.cpp">
      <Filter>소스 파일</Filter>
    </ClCompile>
    <ClCompile Include="2. BooksExercise\Exercise08-2.cpp">
      <Filter>소스 파일</Filter>
    </ClCompile>
    <ClCompile Include="2. BooksExercise\Exercise08-3.cpp">
      <Filter>소스 파일</Filter>
    </ClCompile>
    <ClCompile Include="2. BooksExercise\Exercise08-4.cpp">
      <Filter>소스 파일</Filter>
    </ClCompile>
    <ClCompile Include="2. BooksExercise\Exercise08-5.cpp">
      <Filter>소스 파일</Filter>
    </ClCompile>
    <ClCompile Include="2. BooksExercise\Exercise09-1.cpp">
      <Filter>소스 파일</Filter>
    </ClCompile>
    <ClCompile Include="3. HomeworkProblem\problem2-077_1.cpp">
      <Filter>소스 파일</Filter>
    </ClCompile>
    <ClCompile Include="3. HomeworkProblem\problem2-077_2.cpp">
      <Filter>소스 파일</Filter>
    </ClCompile>
    <ClCompile Include="3. HomeworkProblem\problem2-077_3.cpp">
      <Filter>소스 파일</Filter>
    </ClCompile>
    <ClCompile Include="3. HomeworkProblem\problem2-077_4.cpp">
      <Filter>소스 파일</Filter>
    </ClCompile>
    <ClCompile Include="3. HomeworkProblem\problem2-108_1.cpp">
      <Filter>소스 파일</Filter>
    </ClCompile>
    <ClCompile Include="3. HomeworkProblem\problem2-108_2.cpp">
      <Filter>소스 파일</Filter>
    </ClCompile>
    <ClCompile Include="3. HomeworkProblem\problem2-108_3.cpp">
      <Filter>소스 파일</Filter>
    </ClCompile>
    <ClCompile Include="3. HomeworkProblem\problem2-108_4.cpp">
      <Filter>소스 파일</Filter>
    </ClCompile>
    <ClCompile Include="3. HomeworkProblem\problem2-108_5.cpp">
      <Filter>소스 파일</Filter>
    </ClCompile>
    <ClCompile Include="3. HomeworkProblem\problem3-152_1.cpp">
      <Filter>소스 파일</Filter>
    </ClCompile>
    <ClCompile Include="3. HomeworkProblem\problem3-152_2.cpp">
      <Filter>소스 파일</Filter>
    </ClCompile>
    <ClCompile Include="3. HomeworkProblem\problem3-152_3.cpp">
      <Filter>소스 파일</Filter>
    </ClCompile>
    <ClCompile Include="3. HomeworkProblem\problem3-152_4.cpp">
      <Filter>소스 파일</Filter>
    </ClCompile>
    <ClCompile Include="3. HomeworkProblem\problem3-152_5.cpp">
      <Filter>소스 파일</Filter>
    </ClCompile>
    <ClCompile Include="3. HomeworkProblem\problem3-153_10.cpp">
      <Filter>소스 파일</Filter>
    </ClCompile>
    <ClCompile Include="3. HomeworkProblem\problem3-153_6.cpp">
      <Filter>소스 파일</Filter>
    </ClCompile>
    <ClCompile Include="3. HomeworkProblem\problem3-153_7.cpp">
      <Filter>소스 파일</Filter>
    </ClCompile>
    <ClCompile Include="3. HomeworkProblem\problem3-153_8.cpp">
      <Filter>소스 파일</Filter>
    </ClCompile>
    <ClCompile Include="3. HomeworkProblem\problem3-153_9.cpp">
      <Filter>소스 파일</Filter>
    </ClCompile>
    <ClCompile Include="3. HomeworkProblem\problem5-199_1.cpp">
      <Filter>소스 파일</Filter>
    </ClCompile>
    <ClCompile Include="3. HomeworkProblem\problem5-199_10.cpp">
      <Filter>소스 파일</Filter>
    </ClCompile>
    <ClCompile Include="3. HomeworkProblem\problem5-199_2.cpp">
      <Filter>소스 파일</Filter>
    </ClCompile>
    <ClCompile Include="3. HomeworkProblem\problem5-199_3.cpp">
      <Filter>소스 파일</Filter>
    </ClCompile>
    <ClCompile Include="3. HomeworkProblem\problem5-199_4.cpp">
      <Filter>소스 파일</Filter>
    </ClCompile>
    <ClCompile Include="3. HomeworkProblem\problem5-199_5.cpp">
      <Filter>소스 파일</Filter>
    </ClCompile>
    <ClCompile Include="3. HomeworkProblem\problem5-199_6.cpp">
      <Filter>소스 파일</Filter>
    </ClCompile>
    <ClCompile Include="3. HomeworkProblem\problem5-199_7.cpp">
      <Filter>소스 파일</Filter>
    </ClCompile>
    <ClCompile Include="3. HomeworkProblem\problem5-199_8.cpp">
      <Filter>소스 파일</Filter>
    </ClCompile>
    <ClCompile Include="3. HomeworkProblem\problem5-199_9.cpp">
      <Filter>소스 파일</Filter>
    </ClCompile>
    <ClCompile Include="3. HomeworkProblem\problem7-285_1.cpp">
      <Filter>소스 파일</Filter>
    </ClCompile>
    <ClCompile Include="3. HomeworkProblem\problem7-285_2.cpp">
      <Filter>소스 파일</Filter>
    </ClCompile>
    <ClCompile Include="3. HomeworkProblem\problem7-285_4.cpp">
      <Filter>소스 파일</Filter>
    </ClCompile>
    <ClCompile Include="3. HomeworkProblem\problem7-286_5.cpp">
      <Filter>소스 파일</Filter>
    </ClCompile>
    <ClCompile Include="3. HomeworkProblem\problem7-286_6_calculator.cpp">
      <Filter>소스 파일</Filter>
    </ClCompile>
    <ClCompile Include="3. HomeworkProblem\problem7-286_7.cpp">
      <Filter>소스 파일</Filter>
    </ClCompile>
    <ClCompile Include="3. HomeworkProblem\problem7-286_8.cpp">
      <Filter>소스 파일</Filter>
    </ClCompile>
    <ClCompile Include="3. HomeworkProblem\problem7-287_10.cpp">
      <Filter>소스 파일</Filter>
    </ClCompile>
    <ClCompile Include="3. HomeworkProblem\problem7-287_11.cpp">
      <Filter>소스 파일</Filter>
    </ClCompile>
    <ClCompile Include="3. HomeworkProblem\problem7-287_12.cpp">
      <Filter>소스 파일</Filter>
    </ClCompile>
    <ClCompile Include="3. HomeworkProblem\problem7-287_9.cpp">
      <Filter>소스 파일</Filter>
    </ClCompile>
    <ClCompile Include="3. HomeworkProblem\problem7-288_13.cpp">
      <Filter>소스 파일</Filter>
    </ClCompile>
    <ClCompile Include="3. HomeworkProblem\problem7-288_14.cpp">
      <Filter>소스 파일</Filter>
    </ClCompile>
    <ClCompile Include="1. BooksExample\chap09_246_pointArr.cpp">
      <Filter>소스 파일</Filter>
    </ClCompile>
    <ClCompile Include="2. BooksExercise\Exercise09-3_arithmeticOperationOutput.cpp">
      <Filter>소스 파일</Filter>
    </ClCompile>
    <ClCompile Include="3. HomeworkProblem\problem6_235_1_vowelConsonantOutput.cpp">
      <Filter>소스 파일</Filter>
    </ClCompile>
    <ClCompile Include="3. HomeworkProblem\problem6_235_2_divisor.cpp">
      <Filter>소스 파일</Filter>
    </ClCompile>
    <ClCompile Include="3. HomeworkProblem\problem6_235_3.cpp">
      <Filter>소스 파일</Filter>
    </ClCompile>
    <ClCompile Include="3. HomeworkProblem\problem6_235_4_graphicGame.cpp">
      <Filter>소스 파일</Filter>
    </ClCompile>
    <ClCompile Include="3. HomeworkProblem\problem6_235_5.cpp">
      <Filter>소스 파일</Filter>
    </ClCompile>
    <ClCompile Include="3. HomeworkProblem\problem6_236_6_mounthOutput.cpp">
      <Filter>소스 파일</Filter>
    </ClCompile>
    <ClCompile Include="3. HomeworkProblem\problem6_236_7.cpp">
      <Filter>소스 파일</Filter>
    </ClCompile>
    <ClCompile Include="3. HomeworkProblem\problem6_236_8_amusementParkCharge.cpp">
      <Filter>소스 파일</Filter>
    </ClCompile>
    <ClCompile Include="3. HomeworkProblem\problem6_236_9.cpp">
      <Filter>소스 파일</Filter>
    </ClCompile>
    <ClCompile Include="2. BooksExercise\Exercise09_4_area.cpp">
      <Filter>소스 파일</Filter>
    </ClCompile>
    <ClCompile Include="2. BooksExercise\Exercise09_5_powers.cpp">
      <Filter>소스 파일</Filter>
    </ClCompile>
    <ClCompile Include="2. BooksExercise\Exercise09_6_sumAndCount.cpp">
      <Filter>소스 파일</Filter>
    </ClCompile>
    <ClCompile Include="2. BooksExercise\Exercise09_7_alphabeticalOrder.cpp">
      <Filter>소스 파일</Filter>
    </ClCompile>
    <ClCompile Include="3. HomeworkProblem\chap05_130.cpp">
      <Filter>소스 파일</Filter>
    </ClCompile>
    <ClCompile Include="1. BooksExample\chap08_213_case.cpp">
      <Filter>소스 파일</Filter>
    </ClCompile>
    <ClCompile Include="4. TestTest\Tetrise.cpp">
      <Filter>소스 파일</Filter>
    </ClCompile>
    <ClCompile Include="3. HomeworkProblem\problem8_329_1.cpp">
      <Filter>소스 파일</Filter>
    </ClCompile>
    <ClCompile Include="3. HomeworkProblem\problem8_329_2.cpp">
      <Filter>소스 파일</Filter>
    </ClCompile>
    <ClCompile Include="3. HomeworkProblem\problem8_329_3.cpp">
      <Filter>소스 파일</Filter>
    </ClCompile>
    <ClCompile Include="3. HomeworkProblem\problem8_331_8.cpp">
      <Filter>소스 파일</Filter>
    </ClCompile>
    <ClCompile Include="3. HomeworkProblem\problem8_331_10.cpp">
      <Filter>소스 파일</Filter>
    </ClCompile>
    <ClCompile Include="3. HomeworkProblem\problem8_331_11.cpp">
      <Filter>소스 파일</Filter>
    </ClCompile>
    <ClCompile Include="3. HomeworkProblem\problem8_331_12.cpp">
      <Filter>소스 파일</Filter>
    </ClCompile>
    <ClCompile Include="3. HomeworkProblem\problem8_330_5_doubleNumInputMulti.cpp">
      <Filter>소스 파일</Filter>
    </ClCompile>
    <ClCompile Include="3. HomeworkProblem\problem8_330_6_rand.cpp">
      <Filter>소스 파일</Filter>
    </ClCompile>
    <ClCompile Include="3. HomeworkProblem\problem8_330_7_coinGame.cpp">
      <Filter>소스 파일</Filter>
    </ClCompile>
    <ClCompile Include="3. HomeworkProblem\problem8_331_9_drowStick.cpp">
      <Filter>소스 파일</Filter>
    </ClCompile>
    <ClCompile Include="3. HomeworkProblem\problem8_329_4_tax.cpp">
      <Filter>소스 파일</Filter>
    </ClCompile>
    <ClCompile Include="1. BooksExample\chap01_280.cpp">
      <Filter>소스 파일</Filter>
    </ClCompile>
    <ClCompile Include="4. TestTest\VendingMachine.cpp">
      <Filter>소스 파일</Filter>
    </ClCompile>
    <ClCompile Include="1. BooksExample\Part2\chap01_282.cpp">
      <Filter>소스 파일</Filter>
    </ClCompile>
    <ClCompile Include="1. BooksExample\Part2\chap01_283.cpp">
      <Filter>소스 파일</Filter>
    </ClCompile>
    <ClCompile Include="2. BooksExercise\Part2\Exercise01_01.cpp">
      <Filter>소스 파일</Filter>
    </ClCompile>
    <ClCompile Include="2. BooksExercise\Part2\Exercise01_02.cpp">
      <Filter>소스 파일</Filter>
    </ClCompile>
    <ClCompile Include="2. BooksExercise\Part2\Exercise02_03.cpp">
      <Filter>소스 파일</Filter>
    </ClCompile>
    <ClCompile Include="2. BooksExercise\Part2\Exercise01_04.cpp">
      <Filter>소스 파일</Filter>
    </ClCompile>
  </ItemGroup>
</Project>